// !$*UTF8*$!
{
	archiveVersion = 1;
	classes = {
	};
	objectVersion = 46;
	objects = {

/* Begin PBXBuildFile section */
		28D1906F1ADBC759004C8A2F /* JSCallOC.html in Resources */ = {isa = PBXBuildFile; fileRef = 28D1906A1ADBC759004C8A2F /* JSCallOC.html */; };
		28D190701ADBC759004C8A2F /* ViewController.m in Sources */ = {isa = PBXBuildFile; fileRef = 28D1906C1ADBC759004C8A2F /* ViewController.m */; };
		28D190711ADBC759004C8A2F /* Main.storyboard in Resources */ = {isa = PBXBuildFile; fileRef = 28D1906D1ADBC759004C8A2F /* Main.storyboard */; };
		28E88DBA1ACD46ED00E11FB3 /* main.m in Sources */ = {isa = PBXBuildFile; fileRef = 28E88DB91ACD46ED00E11FB3 /* main.m */; };
		28E88DBD1ACD46ED00E11FB3 /* AppDelegate.m in Sources */ = {isa = PBXBuildFile; fileRef = 28E88DBC1ACD46ED00E11FB3 /* AppDelegate.m */; };
		28E88DC51ACD46ED00E11FB3 /* Images.xcassets in Resources */ = {isa = PBXBuildFile; fileRef = 28E88DC41ACD46ED00E11FB3 /* Images.xcassets */; };
		28E88DD41ACD46ED00E11FB3 /* WhatsTasteTests.m in Sources */ = {isa = PBXBuildFile; fileRef = 28E88DD31ACD46ED00E11FB3 /* WhatsTasteTests.m */; };
		EC0F34D21AE0E88700FB6DE5 /* DeviceHardware.m in Sources */ = {isa = PBXBuildFile; fileRef = EC0F34CC1AE0E88700FB6DE5 /* DeviceHardware.m */; };
		EC0F34D31AE0E88700FB6DE5 /* JavaScriptController.m in Sources */ = {isa = PBXBuildFile; fileRef = EC0F34CE1AE0E88700FB6DE5 /* JavaScriptController.m */; };
		EC0F34D41AE0E88700FB6DE5 /* native_bridge.js in Resources */ = {isa = PBXBuildFile; fileRef = EC0F34CF1AE0E88700FB6DE5 /* native_bridge.js */; };
		EC0F34D51AE0E88700FB6DE5 /* WebViewController.m in Sources */ = {isa = PBXBuildFile; fileRef = EC0F34D11AE0E88700FB6DE5 /* WebViewController.m */; };
/* End PBXBuildFile section */

/* Begin PBXContainerItemProxy section */
		28E88DCE1ACD46ED00E11FB3 /* PBXContainerItemProxy */ = {
			isa = PBXContainerItemProxy;
			containerPortal = 28E88DAC1ACD46ED00E11FB3 /* Project object */;
			proxyType = 1;
			remoteGlobalIDString = 28E88DB31ACD46ED00E11FB3;
			remoteInfo = WhatsTaste;
		};
/* End PBXContainerItemProxy section */

/* Begin PBXFileReference section */
		28D1906A1ADBC759004C8A2F /* JSCallOC.html */ = {isa = PBXFileReference; fileEncoding = 4; lastKnownFileType = text.html; path = JSCallOC.html; sourceTree = "<group>"; };
		28D1906B1ADBC759004C8A2F /* ViewController.h */ = {isa = PBXFileReference; fileEncoding = 4; lastKnownFileType = sourcecode.c.h; path = ViewController.h; sourceTree = "<group>"; };
		28D1906C1ADBC759004C8A2F /* ViewController.m */ = {isa = PBXFileReference; fileEncoding = 4; lastKnownFileType = sourcecode.c.objc; path = ViewController.m; sourceTree = "<group>"; };
		28D1906D1ADBC759004C8A2F /* Main.storyboard */ = {isa = PBXFileReference; fileEncoding = 4; lastKnownFileType = file.storyboard; path = Main.storyboard; sourceTree = "<group>"; };
		28E88DB41ACD46ED00E11FB3 /* WhatsTaste.app */ = {isa = PBXFileReference; explicitFileType = wrapper.application; includeInIndex = 0; path = WhatsTaste.app; sourceTree = BUILT_PRODUCTS_DIR; };
		28E88DB81ACD46ED00E11FB3 /* Info.plist */ = {isa = PBXFileReference; lastKnownFileType = text.plist.xml; path = Info.plist; sourceTree = "<group>"; };
		28E88DB91ACD46ED00E11FB3 /* main.m */ = {isa = PBXFileReference; lastKnownFileType = sourcecode.c.objc; path = main.m; sourceTree = "<group>"; };
		28E88DBB1ACD46ED00E11FB3 /* AppDelegate.h */ = {isa = PBXFileReference; lastKnownFileType = sourcecode.c.h; path = AppDelegate.h; sourceTree = "<group>"; };
		28E88DBC1ACD46ED00E11FB3 /* AppDelegate.m */ = {isa = PBXFileReference; lastKnownFileType = sourcecode.c.objc; path = AppDelegate.m; sourceTree = "<group>"; };
		28E88DC41ACD46ED00E11FB3 /* Images.xcassets */ = {isa = PBXFileReference; lastKnownFileType = folder.assetcatalog; path = Images.xcassets; sourceTree = "<group>"; };
		28E88DCD1ACD46ED00E11FB3 /* WhatsTasteTests.xctest */ = {isa = PBXFileReference; explicitFileType = wrapper.cfbundle; includeInIndex = 0; path = WhatsTasteTests.xctest; sourceTree = BUILT_PRODUCTS_DIR; };
		28E88DD21ACD46ED00E11FB3 /* Info.plist */ = {isa = PBXFileReference; lastKnownFileType = text.plist.xml; path = Info.plist; sourceTree = "<group>"; };
		28E88DD31ACD46ED00E11FB3 /* WhatsTasteTests.m */ = {isa = PBXFileReference; lastKnownFileType = sourcecode.c.objc; path = WhatsTasteTests.m; sourceTree = "<group>"; };
		EC0F34CB1AE0E88700FB6DE5 /* DeviceHardware.h */ = {isa = PBXFileReference; fileEncoding = 4; lastKnownFileType = sourcecode.c.h; path = DeviceHardware.h; sourceTree = "<group>"; };
		EC0F34CC1AE0E88700FB6DE5 /* DeviceHardware.m */ = {isa = PBXFileReference; fileEncoding = 4; lastKnownFileType = sourcecode.c.objc; path = DeviceHardware.m; sourceTree = "<group>"; };
		EC0F34CD1AE0E88700FB6DE5 /* JavaScriptController.h */ = {isa = PBXFileReference; fileEncoding = 4; lastKnownFileType = sourcecode.c.h; path = JavaScriptController.h; sourceTree = "<group>"; };
		EC0F34CE1AE0E88700FB6DE5 /* JavaScriptController.m */ = {isa = PBXFileReference; fileEncoding = 4; lastKnownFileType = sourcecode.c.objc; path = JavaScriptController.m; sourceTree = "<group>"; };
		EC0F34CF1AE0E88700FB6DE5 /* native_bridge.js */ = {isa = PBXFileReference; fileEncoding = 4; lastKnownFileType = sourcecode.javascript; path = native_bridge.js; sourceTree = "<group>"; };
		EC0F34D01AE0E88700FB6DE5 /* WebViewController.h */ = {isa = PBXFileReference; fileEncoding = 4; lastKnownFileType = sourcecode.c.h; path = WebViewController.h; sourceTree = "<group>"; };
		EC0F34D11AE0E88700FB6DE5 /* WebViewController.m */ = {isa = PBXFileReference; fileEncoding = 4; lastKnownFileType = sourcecode.c.objc; path = WebViewController.m; sourceTree = "<group>"; };
		F76143FD1AD667C1006313FA /* DefineMacro.h */ = {isa = PBXFileReference; fileEncoding = 4; lastKnownFileType = sourcecode.c.h; path = DefineMacro.h; sourceTree = "<group>"; };
/* End PBXFileReference section */

/* Begin PBXFrameworksBuildPhase section */
		28E88DB11ACD46ED00E11FB3 /* Frameworks */ = {
			isa = PBXFrameworksBuildPhase;
			buildActionMask = 2147483647;
			files = (
			);
			runOnlyForDeploymentPostprocessing = 0;
		};
		28E88DCA1ACD46ED00E11FB3 /* Frameworks */ = {
			isa = PBXFrameworksBuildPhase;
			buildActionMask = 2147483647;
			files = (
			);
			runOnlyForDeploymentPostprocessing = 0;
		};
/* End PBXFrameworksBuildPhase section */

/* Begin PBXGroup section */
		28E88DAB1ACD46ED00E11FB3 = {
			isa = PBXGroup;
			children = (
				28E88DB61ACD46ED00E11FB3 /* WhatsTaste */,
				28E88DD01ACD46ED00E11FB3 /* WhatsTasteTests */,
				28E88DB51ACD46ED00E11FB3 /* Products */,
			);
			sourceTree = "<group>";
		};
		28E88DB51ACD46ED00E11FB3 /* Products */ = {
			isa = PBXGroup;
			children = (
				28E88DB41ACD46ED00E11FB3 /* WhatsTaste.app */,
				28E88DCD1ACD46ED00E11FB3 /* WhatsTasteTests.xctest */,
			);
			name = Products;
			sourceTree = "<group>";
		};
		28E88DB61ACD46ED00E11FB3 /* WhatsTaste */ = {
			isa = PBXGroup;
			children = (
				EC0F34CA1AE0E88700FB6DE5 /* JavaScriptBridge */,
				28E88DBB1ACD46ED00E11FB3 /* AppDelegate.h */,
				28E88DBC1ACD46ED00E11FB3 /* AppDelegate.m */,
				28D1906B1ADBC759004C8A2F /* ViewController.h */,
				28D1906C1ADBC759004C8A2F /* ViewController.m */,
				F76143FD1AD667C1006313FA /* DefineMacro.h */,
				28D1906D1ADBC759004C8A2F /* Main.storyboard */,
				28D1906A1ADBC759004C8A2F /* JSCallOC.html */,
				28E88DC41ACD46ED00E11FB3 /* Images.xcassets */,
				28E88DB71ACD46ED00E11FB3 /* Supporting Files */,
			);
			path = WhatsTaste;
			sourceTree = "<group>";
		};
		28E88DB71ACD46ED00E11FB3 /* Supporting Files */ = {
			isa = PBXGroup;
			children = (
				28E88DB81ACD46ED00E11FB3 /* Info.plist */,
				28E88DB91ACD46ED00E11FB3 /* main.m */,
			);
			name = "Supporting Files";
			sourceTree = "<group>";
		};
		28E88DD01ACD46ED00E11FB3 /* WhatsTasteTests */ = {
			isa = PBXGroup;
			children = (
				28E88DD31ACD46ED00E11FB3 /* WhatsTasteTests.m */,
				28E88DD11ACD46ED00E11FB3 /* Supporting Files */,
			);
			path = WhatsTasteTests;
			sourceTree = "<group>";
		};
		28E88DD11ACD46ED00E11FB3 /* Supporting Files */ = {
			isa = PBXGroup;
			children = (
				28E88DD21ACD46ED00E11FB3 /* Info.plist */,
			);
			name = "Supporting Files";
			sourceTree = "<group>";
		};
		EC0F34CA1AE0E88700FB6DE5 /* JavaScriptBridge */ = {
			isa = PBXGroup;
			children = (
				EC0F34CB1AE0E88700FB6DE5 /* DeviceHardware.h */,
				EC0F34CC1AE0E88700FB6DE5 /* DeviceHardware.m */,
				EC0F34CD1AE0E88700FB6DE5 /* JavaScriptController.h */,
				EC0F34CE1AE0E88700FB6DE5 /* JavaScriptController.m */,
				EC0F34CF1AE0E88700FB6DE5 /* native_bridge.js */,
				EC0F34D01AE0E88700FB6DE5 /* WebViewController.h */,
				EC0F34D11AE0E88700FB6DE5 /* WebViewController.m */,
			);
			path = JavaScriptBridge;
			sourceTree = "<group>";
		};
/* End PBXGroup section */

/* Begin PBXNativeTarget section */
		28E88DB31ACD46ED00E11FB3 /* WhatsTaste */ = {
			isa = PBXNativeTarget;
			buildConfigurationList = 28E88DD71ACD46ED00E11FB3 /* Build configuration list for PBXNativeTarget "WhatsTaste" */;
			buildPhases = (
				28E88DB01ACD46ED00E11FB3 /* Sources */,
				28E88DB11ACD46ED00E11FB3 /* Frameworks */,
				28E88DB21ACD46ED00E11FB3 /* Resources */,
			);
			buildRules = (
			);
			dependencies = (
			);
			name = WhatsTaste;
			productName = WhatsTaste;
			productReference = 28E88DB41ACD46ED00E11FB3 /* WhatsTaste.app */;
			productType = "com.apple.product-type.application";
		};
		28E88DCC1ACD46ED00E11FB3 /* WhatsTasteTests */ = {
			isa = PBXNativeTarget;
			buildConfigurationList = 28E88DDA1ACD46ED00E11FB3 /* Build configuration list for PBXNativeTarget "WhatsTasteTests" */;
			buildPhases = (
				28E88DC91ACD46ED00E11FB3 /* Sources */,
				28E88DCA1ACD46ED00E11FB3 /* Frameworks */,
				28E88DCB1ACD46ED00E11FB3 /* Resources */,
			);
			buildRules = (
			);
			dependencies = (
				28E88DCF1ACD46ED00E11FB3 /* PBXTargetDependency */,
			);
			name = WhatsTasteTests;
			productName = WhatsTasteTests;
			productReference = 28E88DCD1ACD46ED00E11FB3 /* WhatsTasteTests.xctest */;
			productType = "com.apple.product-type.bundle.unit-test";
		};
/* End PBXNativeTarget section */

/* Begin PBXProject section */
		28E88DAC1ACD46ED00E11FB3 /* Project object */ = {
			isa = PBXProject;
			attributes = {
				LastUpgradeCheck = 0620;
				ORGANIZATIONNAME = DJI;
				TargetAttributes = {
					28E88DB31ACD46ED00E11FB3 = {
						CreatedOnToolsVersion = 6.2;
					};
					28E88DCC1ACD46ED00E11FB3 = {
						CreatedOnToolsVersion = 6.2;
						TestTargetID = 28E88DB31ACD46ED00E11FB3;
					};
				};
			};
			buildConfigurationList = 28E88DAF1ACD46ED00E11FB3 /* Build configuration list for PBXProject "WhatsTaste" */;
			compatibilityVersion = "Xcode 3.2";
			developmentRegion = English;
			hasScannedForEncodings = 0;
			knownRegions = (
				en,
				Base,
			);
			mainGroup = 28E88DAB1ACD46ED00E11FB3;
			productRefGroup = 28E88DB51ACD46ED00E11FB3 /* Products */;
			projectDirPath = "";
			projectRoot = "";
			targets = (
				28E88DB31ACD46ED00E11FB3 /* WhatsTaste */,
				28E88DCC1ACD46ED00E11FB3 /* WhatsTasteTests */,
			);
		};
/* End PBXProject section */

/* Begin PBXResourcesBuildPhase section */
		28E88DB21ACD46ED00E11FB3 /* Resources */ = {
			isa = PBXResourcesBuildPhase;
			buildActionMask = 2147483647;
			files = (
				28D190711ADBC759004C8A2F /* Main.storyboard in Resources */,
				28E88DC51ACD46ED00E11FB3 /* Images.xcassets in Resources */,
				EC0F34D41AE0E88700FB6DE5 /* native_bridge.js in Resources */,
				28D1906F1ADBC759004C8A2F /* JSCallOC.html in Resources */,
			);
			runOnlyForDeploymentPostprocessing = 0;
		};
		28E88DCB1ACD46ED00E11FB3 /* Resources */ = {
			isa = PBXResourcesBuildPhase;
			buildActionMask = 2147483647;
			files = (
			);
			runOnlyForDeploymentPostprocessing = 0;
		};
/* End PBXResourcesBuildPhase section */

/* Begin PBXSourcesBuildPhase section */
		28E88DB01ACD46ED00E11FB3 /* Sources */ = {
			isa = PBXSourcesBuildPhase;
			buildActionMask = 2147483647;
			files = (
				EC0F34D31AE0E88700FB6DE5 /* JavaScriptController.m in Sources */,
				EC0F34D51AE0E88700FB6DE5 /* WebViewController.m in Sources */,
				28E88DBD1ACD46ED00E11FB3 /* AppDelegate.m in Sources */,
				EC0F34D21AE0E88700FB6DE5 /* DeviceHardware.m in Sources */,
				28E88DBA1ACD46ED00E11FB3 /* main.m in Sources */,
				28D190701ADBC759004C8A2F /* ViewController.m in Sources */,
			);
			runOnlyForDeploymentPostprocessing = 0;
		};
		28E88DC91ACD46ED00E11FB3 /* Sources */ = {
			isa = PBXSourcesBuildPhase;
			buildActionMask = 2147483647;
			files = (
				28E88DD41ACD46ED00E11FB3 /* WhatsTasteTests.m in Sources */,
			);
			runOnlyForDeploymentPostprocessing = 0;
		};
/* End PBXSourcesBuildPhase section */

/* Begin PBXTargetDependency section */
		28E88DCF1ACD46ED00E11FB3 /* PBXTargetDependency */ = {
			isa = PBXTargetDependency;
			target = 28E88DB31ACD46ED00E11FB3 /* WhatsTaste */;
			targetProxy = 28E88DCE1ACD46ED00E11FB3 /* PBXContainerItemProxy */;
		};
/* End PBXTargetDependency section */

/* Begin XCBuildConfiguration section */
		28E88DD51ACD46ED00E11FB3 /* Debug */ = {
			isa = XCBuildConfiguration;
			buildSettings = {
				ALWAYS_SEARCH_USER_PATHS = NO;
				CLANG_CXX_LANGUAGE_STANDARD = "gnu++0x";
				CLANG_CXX_LIBRARY = "libc++";
				CLANG_ENABLE_MODULES = YES;
				CLANG_ENABLE_OBJC_ARC = YES;
				CLANG_WARN_BOOL_CONVERSION = YES;
				CLANG_WARN_CONSTANT_CONVERSION = YES;
				CLANG_WARN_DIRECT_OBJC_ISA_USAGE = YES_ERROR;
				CLANG_WARN_EMPTY_BODY = YES;
				CLANG_WARN_ENUM_CONVERSION = YES;
				CLANG_WARN_INT_CONVERSION = YES;
				CLANG_WARN_OBJC_ROOT_CLASS = YES_ERROR;
				CLANG_WARN_UNREACHABLE_CODE = YES;
				CLANG_WARN__DUPLICATE_METHOD_MATCH = YES;
				"CODE_SIGN_IDENTITY[sdk=iphoneos*]" = "iPhone Developer";
				COPY_PHASE_STRIP = NO;
				ENABLE_STRICT_OBJC_MSGSEND = YES;
				GCC_C_LANGUAGE_STANDARD = gnu99;
				GCC_DYNAMIC_NO_PIC = NO;
				GCC_OPTIMIZATION_LEVEL = 0;
				GCC_PREPROCESSOR_DEFINITIONS = (
					"DEBUG=1",
					"$(inherited)",
				);
				GCC_SYMBOLS_PRIVATE_EXTERN = NO;
				GCC_WARN_64_TO_32_BIT_CONVERSION = YES;
				GCC_WARN_ABOUT_RETURN_TYPE = YES_ERROR;
				GCC_WARN_UNDECLARED_SELECTOR = YES;
				GCC_WARN_UNINITIALIZED_AUTOS = YES_AGGRESSIVE;
				GCC_WARN_UNUSED_FUNCTION = YES;
				GCC_WARN_UNUSED_VARIABLE = YES;
				IPHONEOS_DEPLOYMENT_TARGET = 7.0;
				MTL_ENABLE_DEBUG_INFO = YES;
				ONLY_ACTIVE_ARCH = YES;
				SDKROOT = iphoneos;
				TARGETED_DEVICE_FAMILY = 1;
			};
			name = Debug;
		};
		28E88DD61ACD46ED00E11FB3 /* Release */ = {
			isa = XCBuildConfiguration;
			buildSettings = {
				ALWAYS_SEARCH_USER_PATHS = NO;
				CLANG_CXX_LANGUAGE_STANDARD = "gnu++0x";
				CLANG_CXX_LIBRARY = "libc++";
				CLANG_ENABLE_MODULES = YES;
				CLANG_ENABLE_OBJC_ARC = YES;
				CLANG_WARN_BOOL_CONVERSION = YES;
				CLANG_WARN_CONSTANT_CONVERSION = YES;
				CLANG_WARN_DIRECT_OBJC_ISA_USAGE = YES_ERROR;
				CLANG_WARN_EMPTY_BODY = YES;
				CLANG_WARN_ENUM_CONVERSION = YES;
				CLANG_WARN_INT_CONVERSION = YES;
				CLANG_WARN_OBJC_ROOT_CLASS = YES_ERROR;
				CLANG_WARN_UNREACHABLE_CODE = YES;
				CLANG_WARN__DUPLICATE_METHOD_MATCH = YES;
				"CODE_SIGN_IDENTITY[sdk=iphoneos*]" = "iPhone Developer";
				COPY_PHASE_STRIP = NO;
				ENABLE_NS_ASSERTIONS = NO;
				ENABLE_STRICT_OBJC_MSGSEND = YES;
				GCC_C_LANGUAGE_STANDARD = gnu99;
				GCC_WARN_64_TO_32_BIT_CONVERSION = YES;
				GCC_WARN_ABOUT_RETURN_TYPE = YES_ERROR;
				GCC_WARN_UNDECLARED_SELECTOR = YES;
				GCC_WARN_UNINITIALIZED_AUTOS = YES_AGGRESSIVE;
				GCC_WARN_UNUSED_FUNCTION = YES;
				GCC_WARN_UNUSED_VARIABLE = YES;
				IPHONEOS_DEPLOYMENT_TARGET = 7.0;
				MTL_ENABLE_DEBUG_INFO = NO;
				SDKROOT = iphoneos;
				TARGETED_DEVICE_FAMILY = 1;
				VALIDATE_PRODUCT = YES;
			};
			name = Release;
		};
		28E88DD81ACD46ED00E11FB3 /* Debug */ = {
			isa = XCBuildConfiguration;
			buildSettings = {
				ASSETCATALOG_COMPILER_APPICON_NAME = AppIcon;
				ASSETCATALOG_COMPILER_LAUNCHIMAGE_NAME = LaunchImage;
				INFOPLIST_FILE = WhatsTaste/Info.plist;
				IPHONEOS_DEPLOYMENT_TARGET = 7.0;
				LD_RUNPATH_SEARCH_PATHS = "$(inherited) @executable_path/Frameworks";
				PRODUCT_NAME = "$(TARGET_NAME)";
				TARGETED_DEVICE_FAMILY = 1;
			};
			name = Debug;
		};
		28E88DD91ACD46ED00E11FB3 /* Release */ = {
			isa = XCBuildConfiguration;
			buildSettings = {
				ASSETCATALOG_COMPILER_APPICON_NAME = AppIcon;
				ASSETCATALOG_COMPILER_LAUNCHIMAGE_NAME = LaunchImage;
				INFOPLIST_FILE = WhatsTaste/Info.plist;
				IPHONEOS_DEPLOYMENT_TARGET = 7.0;
				LD_RUNPATH_SEARCH_PATHS = "$(inherited) @executable_path/Frameworks";
				PRODUCT_NAME = "$(TARGET_NAME)";
				TARGETED_DEVICE_FAMILY = 1;
			};
			name = Release;
		};
		28E88DDB1ACD46ED00E11FB3 /* Debug */ = {
			isa = XCBuildConfiguration;
			buildSettings = {
				BUNDLE_LOADER = "$(TEST_HOST)";
				FRAMEWORK_SEARCH_PATHS = (
					"$(SDKROOT)/Developer/Library/Frameworks",
					"$(inherited)",
				);
				GCC_PREPROCESSOR_DEFINITIONS = (
					"DEBUG=1",
					"$(inherited)",
				);
				INFOPLIST_FILE = WhatsTasteTests/Info.plist;
				LD_RUNPATH_SEARCH_PATHS = "$(inherited) @executable_path/Frameworks @loader_path/Frameworks";
				PRODUCT_NAME = "$(TARGET_NAME)";
				TARGETED_DEVICE_FAMILY = 1;
				TEST_HOST = "$(BUILT_PRODUCTS_DIR)/WhatsTaste.app/WhatsTaste";
			};
			name = Debug;
		};
		28E88DDC1ACD46ED00E11FB3 /* Release */ = {
			isa = XCBuildConfiguration;
			buildSettings = {
				BUNDLE_LOADER = "$(TEST_HOST)";
				FRAMEWORK_SEARCH_PATHS = (
					"$(SDKROOT)/Developer/Library/Frameworks",
					"$(inherited)",
				);
				INFOPLIST_FILE = WhatsTasteTests/Info.plist;
				LD_RUNPATH_SEARCH_PATHS = "$(inherited) @executable_path/Frameworks @loader_path/Frameworks";
				PRODUCT_NAME = "$(TARGET_NAME)";
				TARGETED_DEVICE_FAMILY = 1;
				TEST_HOST = "$(BUILT_PRODUCTS_DIR)/WhatsTaste.app/WhatsTaste";
			};
			name = Release;
		};
/* End XCBuildConfiguration section */

/* Begin XCConfigurationList section */
		28E88DAF1ACD46ED00E11FB3 /* Build configuration list for PBXProject "WhatsTaste" */ = {
			isa = XCConfigurationList;
			buildConfigurations = (
				28E88DD51ACD46ED00E11FB3 /* Debug */,
				28E88DD61ACD46ED00E11FB3 /* Release */,
			);
			defaultConfigurationIsVisible = 0;
			defaultConfigurationName = Release;
		};
		28E88DD71ACD46ED00E11FB3 /* Build configuration list for PBXNativeTarget "WhatsTaste" */ = {
			isa = XCConfigurationList;
			buildConfigurations = (
				28E88DD81ACD46ED00E11FB3 /* Debug */,
				28E88DD91ACD46ED00E11FB3 /* Release */,
			);
			defaultConfigurationIsVisible = 0;
			defaultConfigurationName = Release;
		};
		28E88DDA1ACD46ED00E11FB3 /* Build configuration list for PBXNativeTarget "WhatsTasteTests" */ = {
			isa = XCConfigurationList;
			buildConfigurations = (
				28E88DDB1ACD46ED00E11FB3 /* Debug */,
				28E88DDC1ACD46ED00E11FB3 /* Release */,
			);
			defaultConfigurationIsVisible = 0;
			defaultConfigurationName = Release;
		};
/* End XCConfigurationList section */
	};
	rootObject = 28E88DAC1ACD46ED00E11FB3 /* Project object */;
}
